{
  "name": "systemkern-gcp-test-project",
  "version": "1.0.0",
  "lockfileVersion": 1,
  "requires": true,
  "dependencies": {
    "kotlin": {
      "version": "1.3.21",
      "resolved": "https://registry.npmjs.org/kotlin/-/kotlin-1.3.21.tgz",
      "integrity": "sha512-JqxY9quNzwWl8iYvNj/ycfNBEbSFDKvmeK2rDVU89q0/X8BRjVzibJ5RFOq/9efvvvi+VBnIRhL7GSOGzmP2nQ=="
    }
  }
}
